
Microsoft Visual Studio Solution File, Format Version 12.00
# Visual Studio Version 17
VisualStudioVersion = 17.8.34525.116
MinimumVisualStudioVersion = 10.0.40219.1
Project("{FAE04EC0-301F-11D3-BF4B-00C04F79EFBC}") = "GaleriaDeRecursos", "GaleriaDeRecursos\GaleriaDeRecursos.csproj", "{78671FDE-ADDA-4808-A2D5-DDD4E2EB1F7D}"
EndProject
Global
	GlobalSection(SolutionConfigurationPlatforms) = preSolution
		Debug|Any CPU = Debug|Any CPU
		Release|Any CPU = Release|Any CPU
	EndGlobalSection
	GlobalSection(ProjectConfigurationPlatforms) = postSolution
		{78671FDE-ADDA-4808-A2D5-DDD4E2EB1F7D}.Debug|Any CPU.ActiveCfg = Debug|Any CPU
		{78671FDE-ADDA-4808-A2D5-DDD4E2EB1F7D}.Debug|Any CPU.Build.0 = Debug|Any CPU
		{78671FDE-ADDA-4808-A2D5-DDD4E2EB1F7D}.Debug|Any CPU.Deploy.0 = Debug|Any CPU
		{78671FDE-ADDA-4808-A2D5-DDD4E2EB1F7D}.Release|Any CPU.ActiveCfg = Release|Any CPU
		{78671FDE-ADDA-4808-A2D5-DDD4E2EB1F7D}.Release|Any CPU.Build.0 = Release|Any CPU
		{78671FDE-ADDA-4808-A2D5-DDD4E2EB1F7D}.Release|Any CPU.Deploy.0 = Release|Any CPU
	EndGlobalSection
	GlobalSection(SolutionProperties) = preSolution
		HideSolutionNode = FALSE
	EndGlobalSection
	GlobalSection(ExtensibilityGlobals) = postSolution
		SolutionGuid = {747D1C19-8218-4D91-9E58-76FA74BB5C4F}
	EndGlobalSection
EndGlobal
